
Microsoft Visual Studio Solution File, Format Version 12.00
Project("{2150E333-8FDC-42A3-9474-1A3956D46DE8}") = "src", "src", "{52630A32-1E06-4009-8135-FCEBB4415E6D}"
EndProject
Project("{2150E333-8FDC-42A3-9474-1A3956D46DE8}") = "test", "test", "{BB836590-63FF-4F2C-9BCF-71777FEE8CE9}"
EndProject
Project("{FAE04EC0-301F-11D3-BF4B-00C04F79EFBC}") = "AppHost", "src\AppHost\AppHost.csproj", "{B9D0A350-C87B-47DC-95D0-EFEAA7E6700A}"
EndProject
Project("{FAE04EC0-301F-11D3-BF4B-00C04F79EFBC}") = "Silo", "src\Silo\Silo.csproj", "{F1980CE5-4F77-4E7D-B5D1-1B5CBA9F53D4}"
EndProject
Project("{FAE04EC0-301F-11D3-BF4B-00C04F79EFBC}") = "ServiceDefaults", "src\ServiceDefaults\ServiceDefaults.csproj", "{F9D82E7C-6F6E-4C0A-8C79-9E8B72FFD0C5}"
EndProject
Project("{FAE04EC0-301F-11D3-BF4B-00C04F79EFBC}") = "Client", "src\Client\Client.csproj", "{DAA83EA8-AAB9-4075-B263-93BF8305CB2F}"
EndProject
Global
	GlobalSection(SolutionConfigurationPlatforms) = preSolution
		Debug|Any CPU = Debug|Any CPU
		Release|Any CPU = Release|Any CPU
	EndGlobalSection
	GlobalSection(NestedProjects) = preSolution
		{B9D0A350-C87B-47DC-95D0-EFEAA7E6700A} = {52630A32-1E06-4009-8135-FCEBB4415E6D}
		{F1980CE5-4F77-4E7D-B5D1-1B5CBA9F53D4} = {52630A32-1E06-4009-8135-FCEBB4415E6D}
		{F9D82E7C-6F6E-4C0A-8C79-9E8B72FFD0C5} = {52630A32-1E06-4009-8135-FCEBB4415E6D}
		{DAA83EA8-AAB9-4075-B263-93BF8305CB2F} = {52630A32-1E06-4009-8135-FCEBB4415E6D}
	EndGlobalSection
	GlobalSection(ProjectConfigurationPlatforms) = postSolution
		{B9D0A350-C87B-47DC-95D0-EFEAA7E6700A}.Debug|Any CPU.ActiveCfg = Debug|Any CPU
		{B9D0A350-C87B-47DC-95D0-EFEAA7E6700A}.Debug|Any CPU.Build.0 = Debug|Any CPU
		{B9D0A350-C87B-47DC-95D0-EFEAA7E6700A}.Release|Any CPU.ActiveCfg = Release|Any CPU
		{B9D0A350-C87B-47DC-95D0-EFEAA7E6700A}.Release|Any CPU.Build.0 = Release|Any CPU
		{F1980CE5-4F77-4E7D-B5D1-1B5CBA9F53D4}.Debug|Any CPU.ActiveCfg = Debug|Any CPU
		{F1980CE5-4F77-4E7D-B5D1-1B5CBA9F53D4}.Debug|Any CPU.Build.0 = Debug|Any CPU
		{F1980CE5-4F77-4E7D-B5D1-1B5CBA9F53D4}.Release|Any CPU.ActiveCfg = Release|Any CPU
		{F1980CE5-4F77-4E7D-B5D1-1B5CBA9F53D4}.Release|Any CPU.Build.0 = Release|Any CPU
		{F9D82E7C-6F6E-4C0A-8C79-9E8B72FFD0C5}.Debug|Any CPU.ActiveCfg = Debug|Any CPU
		{F9D82E7C-6F6E-4C0A-8C79-9E8B72FFD0C5}.Debug|Any CPU.Build.0 = Debug|Any CPU
		{F9D82E7C-6F6E-4C0A-8C79-9E8B72FFD0C5}.Release|Any CPU.ActiveCfg = Release|Any CPU
		{F9D82E7C-6F6E-4C0A-8C79-9E8B72FFD0C5}.Release|Any CPU.Build.0 = Release|Any CPU
		{DAA83EA8-AAB9-4075-B263-93BF8305CB2F}.Debug|Any CPU.ActiveCfg = Debug|Any CPU
		{DAA83EA8-AAB9-4075-B263-93BF8305CB2F}.Debug|Any CPU.Build.0 = Debug|Any CPU
		{DAA83EA8-AAB9-4075-B263-93BF8305CB2F}.Release|Any CPU.ActiveCfg = Release|Any CPU
		{DAA83EA8-AAB9-4075-B263-93BF8305CB2F}.Release|Any CPU.Build.0 = Release|Any CPU
	EndGlobalSection
EndGlobal
