
Microsoft Visual Studio Solution File, Format Version 12.00
Project("{2150E333-8FDC-42A3-9474-1A3956D46DE8}") = "src", "src", "{52630A32-1E06-4009-8135-FCEBB4415E6D}"
EndProject
Project("{2150E333-8FDC-42A3-9474-1A3956D46DE8}") = "test", "test", "{BB836590-63FF-4F2C-9BCF-71777FEE8CE9}"
EndProject
Project("{FAE04EC0-301F-11D3-BF4B-00C04F79EFBC}") = "AppHost", "src\AppHost\AppHost.csproj", "{B9D0A350-C87B-47DC-95D0-EFEAA7E6700A}"
EndProject
Project("{FAE04EC0-301F-11D3-BF4B-00C04F79EFBC}") = "ServiceDefaults", "ServiceDefaults\ServiceDefaults.csproj", "{0A856712-AD52-4A55-9FC2-92B9D2D4AFFC}"
EndProject
Project("{FAE04EC0-301F-11D3-BF4B-00C04F79EFBC}") = "Silo", "Silo\Silo.csproj", "{D8E61815-E23C-4621-80EB-350810D18145}"
EndProject
Project("{FAE04EC0-301F-11D3-BF4B-00C04F79EFBC}") = "Client", "Client\Client.csproj", "{0BC40E72-FCEE-4203-A99D-8B7532E3CEC0}"
EndProject
Global
	GlobalSection(SolutionConfigurationPlatforms) = preSolution
		Debug|Any CPU = Debug|Any CPU
		Release|Any CPU = Release|Any CPU
	EndGlobalSection
	GlobalSection(NestedProjects) = preSolution
		{B9D0A350-C87B-47DC-95D0-EFEAA7E6700A} = {52630A32-1E06-4009-8135-FCEBB4415E6D}
		{0A856712-AD52-4A55-9FC2-92B9D2D4AFFC} = {52630A32-1E06-4009-8135-FCEBB4415E6D}
		{D8E61815-E23C-4621-80EB-350810D18145} = {52630A32-1E06-4009-8135-FCEBB4415E6D}
		{0BC40E72-FCEE-4203-A99D-8B7532E3CEC0} = {52630A32-1E06-4009-8135-FCEBB4415E6D}
	EndGlobalSection
	GlobalSection(ProjectConfigurationPlatforms) = postSolution
		{B9D0A350-C87B-47DC-95D0-EFEAA7E6700A}.Debug|Any CPU.ActiveCfg = Debug|Any CPU
		{B9D0A350-C87B-47DC-95D0-EFEAA7E6700A}.Debug|Any CPU.Build.0 = Debug|Any CPU
		{B9D0A350-C87B-47DC-95D0-EFEAA7E6700A}.Release|Any CPU.ActiveCfg = Release|Any CPU
		{B9D0A350-C87B-47DC-95D0-EFEAA7E6700A}.Release|Any CPU.Build.0 = Release|Any CPU
		{0A856712-AD52-4A55-9FC2-92B9D2D4AFFC}.Debug|Any CPU.ActiveCfg = Debug|Any CPU
		{0A856712-AD52-4A55-9FC2-92B9D2D4AFFC}.Debug|Any CPU.Build.0 = Debug|Any CPU
		{0A856712-AD52-4A55-9FC2-92B9D2D4AFFC}.Release|Any CPU.ActiveCfg = Release|Any CPU
		{0A856712-AD52-4A55-9FC2-92B9D2D4AFFC}.Release|Any CPU.Build.0 = Release|Any CPU
		{D8E61815-E23C-4621-80EB-350810D18145}.Debug|Any CPU.ActiveCfg = Debug|Any CPU
		{D8E61815-E23C-4621-80EB-350810D18145}.Debug|Any CPU.Build.0 = Debug|Any CPU
		{D8E61815-E23C-4621-80EB-350810D18145}.Release|Any CPU.ActiveCfg = Release|Any CPU
		{D8E61815-E23C-4621-80EB-350810D18145}.Release|Any CPU.Build.0 = Release|Any CPU
		{0BC40E72-FCEE-4203-A99D-8B7532E3CEC0}.Debug|Any CPU.ActiveCfg = Debug|Any CPU
		{0BC40E72-FCEE-4203-A99D-8B7532E3CEC0}.Debug|Any CPU.Build.0 = Debug|Any CPU
		{0BC40E72-FCEE-4203-A99D-8B7532E3CEC0}.Release|Any CPU.ActiveCfg = Release|Any CPU
		{0BC40E72-FCEE-4203-A99D-8B7532E3CEC0}.Release|Any CPU.Build.0 = Release|Any CPU
	EndGlobalSection
EndGlobal
